
Microsoft Visual Studio Solution File, Format Version 12.00
Project("{FAE04EC0-301F-11D3-BF4B-00C04F79EFBC}") = "IdentityService", "src\IdentityService\IdentityService.csproj", "{636D3710-4629-4EBA-9224-1C5BD6086F51}"
EndProject
Project("{FAE04EC0-301F-11D3-BF4B-00C04F79EFBC}") = "PaymentService", "src\PaymentService\PaymentService.csproj", "{54921E1F-137D-484C-B3BE-BA45F707E3B7}"
EndProject
Project("{FAE04EC0-301F-11D3-BF4B-00C04F79EFBC}") = "ShippingService", "src\ShippingService\ShippingService.csproj", "{15D78B9A-28B6-4A85-875C-F0C96BD1FDFF}"
EndProject
Project("{FAE04EC0-301F-11D3-BF4B-00C04F79EFBC}") = "WarehouseService", "src\WarehouseService\WarehouseService.csproj", "{886B4A95-7822-46F7-A5FA-6B9A2E885F7D}"
EndProject
Project("{FAE04EC0-301F-11D3-BF4B-00C04F79EFBC}") = "EmailService", "src\EmailService\EmailService.csproj", "{41D2AC2D-31AE-425E-B1ED-AF93FC28C32E}"
EndProject
Project("{FAE04EC0-301F-11D3-BF4B-00C04F79EFBC}") = "NotificationService", "src\NotificationService\NotificationService.csproj", "{BF153F56-B324-4C4E-AF18-3D0F56479962}"
EndProject
Project("{FAE04EC0-301F-11D3-BF4B-00C04F79EFBC}") = "ReviewsService", "src\ReviewsService\ReviewsService.csproj", "{B20D14A3-CF70-4E31-AA2D-A80DCAA17897}"
EndProject
Project("{FAE04EC0-301F-11D3-BF4B-00C04F79EFBC}") = "BasketService", "src\BasketService\BasketService.csproj", "{F80BC678-C137-45E6-81DD-12D99EF12EBF}"
EndProject
Project("{FAE04EC0-301F-11D3-BF4B-00C04F79EFBC}") = "SalesService", "src\SalesService\SalesService.csproj", "{519AA8AD-A102-4D39-A234-DC0079C067F0}"
EndProject
Project("{FAE04EC0-301F-11D3-BF4B-00C04F79EFBC}") = "ManufactureService", "src\ManufactureService\ManufactureService.csproj", "{C979B05B-AF72-4F3C-A09B-52BBE1CEDEF0}"
EndProject
Global
	GlobalSection(SolutionConfigurationPlatforms) = preSolution
		Debug|Any CPU = Debug|Any CPU
		Release|Any CPU = Release|Any CPU
	EndGlobalSection
	GlobalSection(ProjectConfigurationPlatforms) = postSolution
		{636D3710-4629-4EBA-9224-1C5BD6086F51}.Debug|Any CPU.ActiveCfg = Debug|Any CPU
		{636D3710-4629-4EBA-9224-1C5BD6086F51}.Debug|Any CPU.Build.0 = Debug|Any CPU
		{636D3710-4629-4EBA-9224-1C5BD6086F51}.Release|Any CPU.ActiveCfg = Release|Any CPU
		{636D3710-4629-4EBA-9224-1C5BD6086F51}.Release|Any CPU.Build.0 = Release|Any CPU
		{54921E1F-137D-484C-B3BE-BA45F707E3B7}.Debug|Any CPU.ActiveCfg = Debug|Any CPU
		{54921E1F-137D-484C-B3BE-BA45F707E3B7}.Debug|Any CPU.Build.0 = Debug|Any CPU
		{54921E1F-137D-484C-B3BE-BA45F707E3B7}.Release|Any CPU.ActiveCfg = Release|Any CPU
		{54921E1F-137D-484C-B3BE-BA45F707E3B7}.Release|Any CPU.Build.0 = Release|Any CPU
		{15D78B9A-28B6-4A85-875C-F0C96BD1FDFF}.Debug|Any CPU.ActiveCfg = Debug|Any CPU
		{15D78B9A-28B6-4A85-875C-F0C96BD1FDFF}.Debug|Any CPU.Build.0 = Debug|Any CPU
		{15D78B9A-28B6-4A85-875C-F0C96BD1FDFF}.Release|Any CPU.ActiveCfg = Release|Any CPU
		{15D78B9A-28B6-4A85-875C-F0C96BD1FDFF}.Release|Any CPU.Build.0 = Release|Any CPU
		{886B4A95-7822-46F7-A5FA-6B9A2E885F7D}.Debug|Any CPU.ActiveCfg = Debug|Any CPU
		{886B4A95-7822-46F7-A5FA-6B9A2E885F7D}.Debug|Any CPU.Build.0 = Debug|Any CPU
		{886B4A95-7822-46F7-A5FA-6B9A2E885F7D}.Release|Any CPU.ActiveCfg = Release|Any CPU
		{886B4A95-7822-46F7-A5FA-6B9A2E885F7D}.Release|Any CPU.Build.0 = Release|Any CPU
		{41D2AC2D-31AE-425E-B1ED-AF93FC28C32E}.Debug|Any CPU.ActiveCfg = Debug|Any CPU
		{41D2AC2D-31AE-425E-B1ED-AF93FC28C32E}.Debug|Any CPU.Build.0 = Debug|Any CPU
		{41D2AC2D-31AE-425E-B1ED-AF93FC28C32E}.Release|Any CPU.ActiveCfg = Release|Any CPU
		{41D2AC2D-31AE-425E-B1ED-AF93FC28C32E}.Release|Any CPU.Build.0 = Release|Any CPU
		{BF153F56-B324-4C4E-AF18-3D0F56479962}.Debug|Any CPU.ActiveCfg = Debug|Any CPU
		{BF153F56-B324-4C4E-AF18-3D0F56479962}.Debug|Any CPU.Build.0 = Debug|Any CPU
		{BF153F56-B324-4C4E-AF18-3D0F56479962}.Release|Any CPU.ActiveCfg = Release|Any CPU
		{BF153F56-B324-4C4E-AF18-3D0F56479962}.Release|Any CPU.Build.0 = Release|Any CPU
		{B20D14A3-CF70-4E31-AA2D-A80DCAA17897}.Debug|Any CPU.ActiveCfg = Debug|Any CPU
		{B20D14A3-CF70-4E31-AA2D-A80DCAA17897}.Debug|Any CPU.Build.0 = Debug|Any CPU
		{B20D14A3-CF70-4E31-AA2D-A80DCAA17897}.Release|Any CPU.ActiveCfg = Release|Any CPU
		{B20D14A3-CF70-4E31-AA2D-A80DCAA17897}.Release|Any CPU.Build.0 = Release|Any CPU
		{F80BC678-C137-45E6-81DD-12D99EF12EBF}.Debug|Any CPU.ActiveCfg = Debug|Any CPU
		{F80BC678-C137-45E6-81DD-12D99EF12EBF}.Debug|Any CPU.Build.0 = Debug|Any CPU
		{F80BC678-C137-45E6-81DD-12D99EF12EBF}.Release|Any CPU.ActiveCfg = Release|Any CPU
		{F80BC678-C137-45E6-81DD-12D99EF12EBF}.Release|Any CPU.Build.0 = Release|Any CPU
		{519AA8AD-A102-4D39-A234-DC0079C067F0}.Debug|Any CPU.ActiveCfg = Debug|Any CPU
		{519AA8AD-A102-4D39-A234-DC0079C067F0}.Debug|Any CPU.Build.0 = Debug|Any CPU
		{519AA8AD-A102-4D39-A234-DC0079C067F0}.Release|Any CPU.ActiveCfg = Release|Any CPU
		{519AA8AD-A102-4D39-A234-DC0079C067F0}.Release|Any CPU.Build.0 = Release|Any CPU
		{C979B05B-AF72-4F3C-A09B-52BBE1CEDEF0}.Debug|Any CPU.ActiveCfg = Debug|Any CPU
		{C979B05B-AF72-4F3C-A09B-52BBE1CEDEF0}.Debug|Any CPU.Build.0 = Debug|Any CPU
		{C979B05B-AF72-4F3C-A09B-52BBE1CEDEF0}.Release|Any CPU.ActiveCfg = Release|Any CPU
		{C979B05B-AF72-4F3C-A09B-52BBE1CEDEF0}.Release|Any CPU.Build.0 = Release|Any CPU
	EndGlobalSection
EndGlobal
